{
  "name": "sheet",
  "version": "1.0.0",
  "lockfileVersion": 2,
  "requires": true,
  "packages": {
    "": {
      "name": "sheet",
      "version": "1.0.0",
      "license": "ISC",
      "workspaces": [
        "packages/tool"
      ]
    },
    "node_modules/rimraf": {
      "version": "4.1.2",
      "resolved": "https://registry.npmjs.org/rimraf/-/rimraf-4.1.2.tgz",
      "integrity": "sha512-BlIbgFryTbw3Dz6hyoWFhKk+unCcHMSkZGrTFVAx2WmttdBSonsdtRlwiuTbDqTKr+UlXIUqJVS4QT5tUzGENQ==",
      "bin": {
        "rimraf": "dist/cjs/src/bin.js"
      },
      "engines": {
        "node": ">=14"
      },
      "funding": {
        "url": "https://github.com/sponsors/isaacs"
      }
    },
    "node_modules/tool": {
      "resolved": "packages/tool",
      "link": true
    },
    "packages/tool": {
      "version": "1.0.0",
      "license": "ISC",
      "dependencies": {
        "rimraf": "^4.1.2"
      }
    }
  },
  "dependencies": {
    "rimraf": {
      "version": "4.1.2",
      "resolved": "https://registry.npmjs.org/rimraf/-/rimraf-4.1.2.tgz",
      "integrity": "sha512-BlIbgFryTbw3Dz6hyoWFhKk+unCcHMSkZGrTFVAx2WmttdBSonsdtRlwiuTbDqTKr+UlXIUqJVS4QT5tUzGENQ=="
    },
    "tool": {
      "version": "file:packages/tool",
      "requires": {
        "rimraf": "*"
      }
    }
  }
}
